// !$*UTF8*$!
{
	archiveVersion = 1;
	classes = {
	};
	objectVersion = 46;
	objects = {

/* Begin PBXBuildFile section */
		3DDDD6DB1DE2A09B00D3D52E /* reachability.cpp in Sources */ = {isa = PBXBuildFile; fileRef = 3DDDD6DA1DE2A09B00D3D52E /* reachability.cpp */; };
/* End PBXBuildFile section */

/* Begin PBXCopyFilesBuildPhase section */
		3DDDD6D51DE2A09A00D3D52E /* CopyFiles */ = {
			isa = PBXCopyFilesBuildPhase;
			buildActionMask = 2147483647;
			dstPath = /usr/share/man/man1/;
			dstSubfolderSpec = 0;
			files = (
			);
			runOnlyForDeploymentPostprocessing = 1;
		};
/* End PBXCopyFilesBuildPhase section */

/* Begin PBXFileReference section */
		3DDDD6D71DE2A09A00D3D52E /* COSC 2430 Project 4 */ = {isa = PBXFileReference; explicitFileType = "compiled.mach-o.executable"; includeInIndex = 0; path = "COSC 2430 Project 4"; sourceTree = BUILT_PRODUCTS_DIR; };
		3DDDD6DA1DE2A09B00D3D52E /* reachability.cpp */ = {isa = PBXFileReference; lastKnownFileType = sourcecode.cpp.cpp; path = reachability.cpp; sourceTree = "<group>"; };
		3DDDD6E11DE2A55C00D3D52E /* hash.h */ = {isa = PBXFileReference; lastKnownFileType = sourcecode.c.h; path = hash.h; sourceTree = "<group>"; };
		3DDDD6E21DE2A56600D3D52E /* stack.h */ = {isa = PBXFileReference; lastKnownFileType = sourcecode.c.h; path = stack.h; sourceTree = "<group>"; };
		3DDDD6E31DE2A9F000D3D52E /* ArgumentManager.h */ = {isa = PBXFileReference; fileEncoding = 4; lastKnownFileType = sourcecode.c.h; path = ArgumentManager.h; sourceTree = "<group>"; };
/* End PBXFileReference section */

/* Begin PBXFrameworksBuildPhase section */
		3DDDD6D41DE2A09A00D3D52E /* Frameworks */ = {
			isa = PBXFrameworksBuildPhase;
			buildActionMask = 2147483647;
			files = (
			);
			runOnlyForDeploymentPostprocessing = 0;
		};
/* End PBXFrameworksBuildPhase section */

/* Begin PBXGroup section */
		3DDDD6CE1DE2A09A00D3D52E = {
			isa = PBXGroup;
			children = (
				3DDDD6D91DE2A09A00D3D52E /* COSC 2430 Project 4 */,
				3DDDD6D81DE2A09A00D3D52E /* Products */,
			);
			sourceTree = "<group>";
		};
		3DDDD6D81DE2A09A00D3D52E /* Products */ = {
			isa = PBXGroup;
			children = (
				3DDDD6D71DE2A09A00D3D52E /* COSC 2430 Project 4 */,
			);
			name = Products;
			sourceTree = "<group>";
		};
		3DDDD6D91DE2A09A00D3D52E /* COSC 2430 Project 4 */ = {
			isa = PBXGroup;
			children = (
				3DDDD6E31DE2A9F000D3D52E /* ArgumentManager.h */,
				3DDDD6DA1DE2A09B00D3D52E /* reachability.cpp */,
				3DDDD6E11DE2A55C00D3D52E /* hash.h */,
				3DDDD6E21DE2A56600D3D52E /* stack.h */,
			);
			path = "COSC 2430 Project 4";
			sourceTree = "<group>";
		};
/* End PBXGroup section */

/* Begin PBXNativeTarget section */
		3DDDD6D61DE2A09A00D3D52E /* COSC 2430 Project 4 */ = {
			isa = PBXNativeTarget;
			buildConfigurationList = 3DDDD6DE1DE2A09B00D3D52E /* Build configuration list for PBXNativeTarget "COSC 2430 Project 4" */;
			buildPhases = (
				3DDDD6D31DE2A09A00D3D52E /* Sources */,
				3DDDD6D41DE2A09A00D3D52E /* Frameworks */,
				3DDDD6D51DE2A09A00D3D52E /* CopyFiles */,
			);
			buildRules = (
			);
			dependencies = (
			);
			name = "COSC 2430 Project 4";
			productName = "COSC 2430 Project 4";
			productReference = 3DDDD6D71DE2A09A00D3D52E /* COSC 2430 Project 4 */;
			productType = "com.apple.product-type.tool";
		};
/* End PBXNativeTarget section */

/* Begin PBXProject section */
		3DDDD6CF1DE2A09A00D3D52E /* Project object */ = {
			isa = PBXProject;
			attributes = {
				LastUpgradeCheck = 0810;
				ORGANIZATIONNAME = "Will Ko";
				TargetAttributes = {
					3DDDD6D61DE2A09A00D3D52E = {
						CreatedOnToolsVersion = 8.1;
						ProvisioningStyle = Automatic;
					};
				};
			};
			buildConfigurationList = 3DDDD6D21DE2A09A00D3D52E /* Build configuration list for PBXProject "COSC 2430 Project 4" */;
			compatibilityVersion = "Xcode 3.2";
			developmentRegion = English;
			hasScannedForEncodings = 0;
			knownRegions = (
				en,
			);
			mainGroup = 3DDDD6CE1DE2A09A00D3D52E;
			productRefGroup = 3DDDD6D81DE2A09A00D3D52E /* Products */;
			projectDirPath = "";
			projectRoot = "";
			targets = (
				3DDDD6D61DE2A09A00D3D52E /* COSC 2430 Project 4 */,
			);
		};
/* End PBXProject section */

/* Begin PBXSourcesBuildPhase section */
		3DDDD6D31DE2A09A00D3D52E /* Sources */ = {
			isa = PBXSourcesBuildPhase;
			buildActionMask = 2147483647;
			files = (
				3DDDD6DB1DE2A09B00D3D52E /* reachability.cpp in Sources */,
			);
			runOnlyForDeploymentPostprocessing = 0;
		};
/* End PBXSourcesBuildPhase section */

/* Begin XCBuildConfiguration section */
		3DDDD6DC1DE2A09B00D3D52E /* Debug */ = {
			isa = XCBuildConfiguration;
			buildSettings = {
				ALWAYS_SEARCH_USER_PATHS = NO;
				CLANG_ANALYZER_NONNULL = YES;
				CLANG_CXX_LANGUAGE_STANDARD = "gnu++0x";
				CLANG_CXX_LIBRARY = "libc++";
				CLANG_ENABLE_MODULES = YES;
				CLANG_ENABLE_OBJC_ARC = YES;
				CLANG_WARN_BOOL_CONVERSION = YES;
				CLANG_WARN_CONSTANT_CONVERSION = YES;
				CLANG_WARN_DIRECT_OBJC_ISA_USAGE = YES_ERROR;
				CLANG_WARN_DOCUMENTATION_COMMENTS = YES;
				CLANG_WARN_EMPTY_BODY = YES;
				CLANG_WARN_ENUM_CONVERSION = YES;
				CLANG_WARN_INFINITE_RECURSION = YES;
				CLANG_WARN_INT_CONVERSION = YES;
				CLANG_WARN_OBJC_ROOT_CLASS = YES_ERROR;
				CLANG_WARN_SUSPICIOUS_MOVES = YES;
				CLANG_WARN_UNREACHABLE_CODE = YES;
				CLANG_WARN__DUPLICATE_METHOD_MATCH = YES;
				CODE_SIGN_IDENTITY = "-";
				COPY_PHASE_STRIP = NO;
				DEBUG_INFORMATION_FORMAT = dwarf;
				ENABLE_STRICT_OBJC_MSGSEND = YES;
				ENABLE_TESTABILITY = YES;
				GCC_C_LANGUAGE_STANDARD = gnu99;
				GCC_DYNAMIC_NO_PIC = NO;
				GCC_NO_COMMON_BLOCKS = YES;
				GCC_OPTIMIZATION_LEVEL = 0;
				GCC_PREPROCESSOR_DEFINITIONS = (
					"DEBUG=1",
					"$(inherited)",
				);
				GCC_WARN_64_TO_32_BIT_CONVERSION = YES;
				GCC_WARN_ABOUT_RETURN_TYPE = YES_ERROR;
				GCC_WARN_UNDECLARED_SELECTOR = YES;
				GCC_WARN_UNINITIALIZED_AUTOS = YES_AGGRESSIVE;
				GCC_WARN_UNUSED_FUNCTION = YES;
				GCC_WARN_UNUSED_VARIABLE = YES;
				MACOSX_DEPLOYMENT_TARGET = 10.12;
				MTL_ENABLE_DEBUG_INFO = YES;
				ONLY_ACTIVE_ARCH = YES;
				SDKROOT = macosx;
			};
			name = Debug;
		};
		3DDDD6DD1DE2A09B00D3D52E /* Release */ = {
			isa = XCBuildConfiguration;
			buildSettings = {
				ALWAYS_SEARCH_USER_PATHS = NO;
				CLANG_ANALYZER_NONNULL = YES;
				CLANG_CXX_LANGUAGE_STANDARD = "gnu++0x";
				CLANG_CXX_LIBRARY = "libc++";
				CLANG_ENABLE_MODULES = YES;
				CLANG_ENABLE_OBJC_ARC = YES;
				CLANG_WARN_BOOL_CONVERSION = YES;
				CLANG_WARN_CONSTANT_CONVERSION = YES;
				CLANG_WARN_DIRECT_OBJC_ISA_USAGE = YES_ERROR;
				CLANG_WARN_DOCUMENTATION_COMMENTS = YES;
				CLANG_WARN_EMPTY_BODY = YES;
				CLANG_WARN_ENUM_CONVERSION = YES;
				CLANG_WARN_INFINITE_RECURSION = YES;
				CLANG_WARN_INT_CONVERSION = YES;
				CLANG_WARN_OBJC_ROOT_CLASS = YES_ERROR;
				CLANG_WARN_SUSPICIOUS_MOVES = YES;
				CLANG_WARN_UNREACHABLE_CODE = YES;
				CLANG_WARN__DUPLICATE_METHOD_MATCH = YES;
				CODE_SIGN_IDENTITY = "-";
				COPY_PHASE_STRIP = NO;
				DEBUG_INFORMATION_FORMAT = "dwarf-with-dsym";
				ENABLE_NS_ASSERTIONS = NO;
				ENABLE_STRICT_OBJC_MSGSEND = YES;
				GCC_C_LANGUAGE_STANDARD = gnu99;
				GCC_NO_COMMON_BLOCKS = YES;
				GCC_WARN_64_TO_32_BIT_CONVERSION = YES;
				GCC_WARN_ABOUT_RETURN_TYPE = YES_ERROR;
				GCC_WARN_UNDECLARED_SELECTOR = YES;
				GCC_WARN_UNINITIALIZED_AUTOS = YES_AGGRESSIVE;
				GCC_WARN_UNUSED_FUNCTION = YES;
				GCC_WARN_UNUSED_VARIABLE = YES;
				MACOSX_DEPLOYMENT_TARGET = 10.12;
				MTL_ENABLE_DEBUG_INFO = NO;
				SDKROOT = macosx;
			};
			name = Release;
		};
		3DDDD6DF1DE2A09B00D3D52E /* Debug */ = {
			isa = XCBuildConfiguration;
			buildSettings = {
				PRODUCT_NAME = "$(TARGET_NAME)";
			};
			name = Debug;
		};
		3DDDD6E01DE2A09B00D3D52E /* Release */ = {
			isa = XCBuildConfiguration;
			buildSettings = {
				PRODUCT_NAME = "$(TARGET_NAME)";
			};
			name = Release;
		};
/* End XCBuildConfiguration section */

/* Begin XCConfigurationList section */
		3DDDD6D21DE2A09A00D3D52E /* Build configuration list for PBXProject "COSC 2430 Project 4" */ = {
			isa = XCConfigurationList;
			buildConfigurations = (
				3DDDD6DC1DE2A09B00D3D52E /* Debug */,
				3DDDD6DD1DE2A09B00D3D52E /* Release */,
			);
			defaultConfigurationIsVisible = 0;
			defaultConfigurationName = Release;
		};
		3DDDD6DE1DE2A09B00D3D52E /* Build configuration list for PBXNativeTarget "COSC 2430 Project 4" */ = {
			isa = XCConfigurationList;
			buildConfigurations = (
				3DDDD6DF1DE2A09B00D3D52E /* Debug */,
				3DDDD6E01DE2A09B00D3D52E /* Release */,
			);
			defaultConfigurationIsVisible = 0;
			defaultConfigurationName = Release;
		};
/* End XCConfigurationList section */
	};
	rootObject = 3DDDD6CF1DE2A09A00D3D52E /* Project object */;
}
